
Microsoft Visual Studio Solution File, Format Version 12.00
# Visual Studio Version 17
VisualStudioVersion = 17.13.35919.96 d17.13
MinimumVisualStudioVersion = 10.0.40219.1
Project("{2150E333-8FDC-42A3-9474-1A3956D46DE8}") = "Configuration", "Configuration", "{02EA681E-C7D8-13C7-8484-4AC65E1B71E8}"
EndProject
Project("{2150E333-8FDC-42A3-9474-1A3956D46DE8}") = "Service", "Service", "{FD12673D-1A26-418E-9E86-4852E30F191D}"
EndProject
Project("{2150E333-8FDC-42A3-9474-1A3956D46DE8}") = "API", "API", "{2920723B-B7D2-422B-BD6C-D2DFE7F22371}"
EndProject
Project("{FAE04EC0-301F-11D3-BF4B-00C04F79EFBC}") = "LocationSpeedService", "LocationSpeedService\LocationSpeedService.csproj", "{63C86257-E51D-451F-B009-53725B3AC3BC}"
EndProject
Project("{FAE04EC0-301F-11D3-BF4B-00C04F79EFBC}") = "CommonLibrary", "CommonLibrary\CommonLibrary.csproj", "{3C99AD07-C17E-43F6-BEE1-AB7B8975FDDF}"
EndProject
Project("{FAE04EC0-301F-11D3-BF4B-00C04F79EFBC}") = "SimulatorAPI", "SimulatorAPI\SimulatorAPI.csproj", "{AE98B265-8AEC-4F7A-9A43-4F8DF08E9BE0}"
EndProject
Global
	GlobalSection(SolutionConfigurationPlatforms) = preSolution
		Debug|Any CPU = Debug|Any CPU
		Release|Any CPU = Release|Any CPU
	EndGlobalSection
	GlobalSection(ProjectConfigurationPlatforms) = postSolution
		{63C86257-E51D-451F-B009-53725B3AC3BC}.Debug|Any CPU.ActiveCfg = Debug|Any CPU
		{63C86257-E51D-451F-B009-53725B3AC3BC}.Debug|Any CPU.Build.0 = Debug|Any CPU
		{63C86257-E51D-451F-B009-53725B3AC3BC}.Release|Any CPU.ActiveCfg = Release|Any CPU
		{63C86257-E51D-451F-B009-53725B3AC3BC}.Release|Any CPU.Build.0 = Release|Any CPU
		{3C99AD07-C17E-43F6-BEE1-AB7B8975FDDF}.Debug|Any CPU.ActiveCfg = Debug|Any CPU
		{3C99AD07-C17E-43F6-BEE1-AB7B8975FDDF}.Debug|Any CPU.Build.0 = Debug|Any CPU
		{3C99AD07-C17E-43F6-BEE1-AB7B8975FDDF}.Release|Any CPU.ActiveCfg = Release|Any CPU
		{3C99AD07-C17E-43F6-BEE1-AB7B8975FDDF}.Release|Any CPU.Build.0 = Release|Any CPU
		{AE98B265-8AEC-4F7A-9A43-4F8DF08E9BE0}.Debug|Any CPU.ActiveCfg = Debug|Any CPU
		{AE98B265-8AEC-4F7A-9A43-4F8DF08E9BE0}.Debug|Any CPU.Build.0 = Debug|Any CPU
		{AE98B265-8AEC-4F7A-9A43-4F8DF08E9BE0}.Release|Any CPU.ActiveCfg = Release|Any CPU
		{AE98B265-8AEC-4F7A-9A43-4F8DF08E9BE0}.Release|Any CPU.Build.0 = Release|Any CPU
	EndGlobalSection
	GlobalSection(SolutionProperties) = preSolution
		HideSolutionNode = FALSE
	EndGlobalSection
	GlobalSection(NestedProjects) = preSolution
		{63C86257-E51D-451F-B009-53725B3AC3BC} = {FD12673D-1A26-418E-9E86-4852E30F191D}
		{3C99AD07-C17E-43F6-BEE1-AB7B8975FDDF} = {02EA681E-C7D8-13C7-8484-4AC65E1B71E8}
		{AE98B265-8AEC-4F7A-9A43-4F8DF08E9BE0} = {2920723B-B7D2-422B-BD6C-D2DFE7F22371}
	EndGlobalSection
	GlobalSection(ExtensibilityGlobals) = postSolution
		SolutionGuid = {E4E59162-F4E6-4724-953D-6740BCA0FBFE}
	EndGlobalSection
EndGlobal
